// !$*UTF8*$!
{
	archiveVersion = 1;
	classes = {
	};
	objectVersion = 48;
	objects = {

/* Begin PBXBuildFile section */
		62B2CB57F5955BEB62EEEF6B /* Pods_ProxiChat.framework in Frameworks */ = {isa = PBXBuildFile; fileRef = ADEA3E950A31125E27FD76BA /* Pods_ProxiChat.framework */; };
		E4B3D7471FBA9D2000F539EA /* AppDelegate.swift in Sources */ = {isa = PBXBuildFile; fileRef = E4B3D7461FBA9D2000F539EA /* AppDelegate.swift */; };
		E4B3D74C1FBA9D2000F539EA /* Main.storyboard in Resources */ = {isa = PBXBuildFile; fileRef = E4B3D74A1FBA9D2000F539EA /* Main.storyboard */; };
		E4B3D74E1FBA9D2000F539EA /* Assets.xcassets in Resources */ = {isa = PBXBuildFile; fileRef = E4B3D74D1FBA9D2000F539EA /* Assets.xcassets */; };
		E4B3D7511FBA9D2000F539EA /* LaunchScreen.storyboard in Resources */ = {isa = PBXBuildFile; fileRef = E4B3D74F1FBA9D2000F539EA /* LaunchScreen.storyboard */; };
		E4B3D75D1FBB849D00F539EA /* WelcomeViewController.swift in Sources */ = {isa = PBXBuildFile; fileRef = E4B3D75C1FBB849D00F539EA /* WelcomeViewController.swift */; };
		E4B3D75F1FBB857900F539EA /* LogInViewController.swift in Sources */ = {isa = PBXBuildFile; fileRef = E4B3D75E1FBB857900F539EA /* LogInViewController.swift */; };
		E4B3D7611FBB85AF00F539EA /* SignUpViewController.swift in Sources */ = {isa = PBXBuildFile; fileRef = E4B3D7601FBB85AF00F539EA /* SignUpViewController.swift */; };
		E4CB11851FBC10A7003B627E /* GroupsViewController.swift in Sources */ = {isa = PBXBuildFile; fileRef = E4CB11841FBC10A7003B627E /* GroupsViewController.swift */; };
		E4CB118D1FBD12B9003B627E /* GroupCell.swift in Sources */ = {isa = PBXBuildFile; fileRef = E4CB118B1FBD12B9003B627E /* GroupCell.swift */; };
		E4CB118E1FBD12B9003B627E /* GroupCell.xib in Resources */ = {isa = PBXBuildFile; fileRef = E4CB118C1FBD12B9003B627E /* GroupCell.xib */; };
/* End PBXBuildFile section */

/* Begin PBXFileReference section */
		2CC0C6E83D7922C71F0368E2 /* Pods-ProxiChat.release.xcconfig */ = {isa = PBXFileReference; includeInIndex = 1; lastKnownFileType = text.xcconfig; name = "Pods-ProxiChat.release.xcconfig"; path = "Pods/Target Support Files/Pods-ProxiChat/Pods-ProxiChat.release.xcconfig"; sourceTree = "<group>"; };
		5F8E292D05CB9C559164906A /* Pods-ProxiChat.debug.xcconfig */ = {isa = PBXFileReference; includeInIndex = 1; lastKnownFileType = text.xcconfig; name = "Pods-ProxiChat.debug.xcconfig"; path = "Pods/Target Support Files/Pods-ProxiChat/Pods-ProxiChat.debug.xcconfig"; sourceTree = "<group>"; };
		ADEA3E950A31125E27FD76BA /* Pods_ProxiChat.framework */ = {isa = PBXFileReference; explicitFileType = wrapper.framework; includeInIndex = 0; path = Pods_ProxiChat.framework; sourceTree = BUILT_PRODUCTS_DIR; };
		E4B3D7431FBA9D2000F539EA /* ProxiChat.app */ = {isa = PBXFileReference; explicitFileType = wrapper.application; includeInIndex = 0; path = ProxiChat.app; sourceTree = BUILT_PRODUCTS_DIR; };
		E4B3D7461FBA9D2000F539EA /* AppDelegate.swift */ = {isa = PBXFileReference; lastKnownFileType = sourcecode.swift; path = AppDelegate.swift; sourceTree = "<group>"; };
		E4B3D74B1FBA9D2000F539EA /* Base */ = {isa = PBXFileReference; lastKnownFileType = file.storyboard; name = Base; path = Base.lproj/Main.storyboard; sourceTree = "<group>"; };
		E4B3D74D1FBA9D2000F539EA /* Assets.xcassets */ = {isa = PBXFileReference; lastKnownFileType = folder.assetcatalog; path = Assets.xcassets; sourceTree = "<group>"; };
		E4B3D7501FBA9D2000F539EA /* Base */ = {isa = PBXFileReference; lastKnownFileType = file.storyboard; name = Base; path = Base.lproj/LaunchScreen.storyboard; sourceTree = "<group>"; };
		E4B3D7521FBA9D2000F539EA /* Info.plist */ = {isa = PBXFileReference; lastKnownFileType = text.plist.xml; path = Info.plist; sourceTree = "<group>"; };
		E4B3D75C1FBB849D00F539EA /* WelcomeViewController.swift */ = {isa = PBXFileReference; lastKnownFileType = sourcecode.swift; path = WelcomeViewController.swift; sourceTree = "<group>"; };
		E4B3D75E1FBB857900F539EA /* LogInViewController.swift */ = {isa = PBXFileReference; lastKnownFileType = sourcecode.swift; path = LogInViewController.swift; sourceTree = "<group>"; };
		E4B3D7601FBB85AF00F539EA /* SignUpViewController.swift */ = {isa = PBXFileReference; lastKnownFileType = sourcecode.swift; path = SignUpViewController.swift; sourceTree = "<group>"; };
		E4CB11841FBC10A7003B627E /* GroupsViewController.swift */ = {isa = PBXFileReference; lastKnownFileType = sourcecode.swift; path = GroupsViewController.swift; sourceTree = "<group>"; };
		E4CB118B1FBD12B9003B627E /* GroupCell.swift */ = {isa = PBXFileReference; lastKnownFileType = sourcecode.swift; path = GroupCell.swift; sourceTree = "<group>"; };
		E4CB118C1FBD12B9003B627E /* GroupCell.xib */ = {isa = PBXFileReference; lastKnownFileType = file.xib; path = GroupCell.xib; sourceTree = "<group>"; };
/* End PBXFileReference section */

/* Begin PBXFrameworksBuildPhase section */
		E4B3D7401FBA9D2000F539EA /* Frameworks */ = {
			isa = PBXFrameworksBuildPhase;
			buildActionMask = 2147483647;
			files = (
				62B2CB57F5955BEB62EEEF6B /* Pods_ProxiChat.framework in Frameworks */,
			);
			runOnlyForDeploymentPostprocessing = 0;
		};
/* End PBXFrameworksBuildPhase section */

/* Begin PBXGroup section */
		8D0E3D2DCC812E2B089C7B86 /* Pods */ = {
			isa = PBXGroup;
			children = (
				5F8E292D05CB9C559164906A /* Pods-ProxiChat.debug.xcconfig */,
				2CC0C6E83D7922C71F0368E2 /* Pods-ProxiChat.release.xcconfig */,
			);
			name = Pods;
			sourceTree = "<group>";
		};
		A3CFED7A1A1841AB2D29CAC6 /* Frameworks */ = {
			isa = PBXGroup;
			children = (
				ADEA3E950A31125E27FD76BA /* Pods_ProxiChat.framework */,
			);
			name = Frameworks;
			sourceTree = "<group>";
		};
		E4B3D73A1FBA9D1F00F539EA = {
			isa = PBXGroup;
			children = (
				E4B3D7451FBA9D2000F539EA /* ProxiChat */,
				E4B3D7441FBA9D2000F539EA /* Products */,
				8D0E3D2DCC812E2B089C7B86 /* Pods */,
				A3CFED7A1A1841AB2D29CAC6 /* Frameworks */,
			);
			sourceTree = "<group>";
		};
		E4B3D7441FBA9D2000F539EA /* Products */ = {
			isa = PBXGroup;
			children = (
				E4B3D7431FBA9D2000F539EA /* ProxiChat.app */,
			);
			name = Products;
			sourceTree = "<group>";
		};
		E4B3D7451FBA9D2000F539EA /* ProxiChat */ = {
			isa = PBXGroup;
			children = (
				E4B3D7581FBAADE700F539EA /* Model */,
				E4B3D7591FBAADF000F539EA /* View */,
				E4B3D75A1FBAADF700F539EA /* Controller */,
				E4B3D74D1FBA9D2000F539EA /* Assets.xcassets */,
				E4B3D75B1FBAAE2D00F539EA /* Supporting Files */,
			);
			path = ProxiChat;
			sourceTree = "<group>";
		};
		E4B3D7581FBAADE700F539EA /* Model */ = {
			isa = PBXGroup;
			children = (
			);
			path = Model;
			sourceTree = "<group>";
		};
		E4B3D7591FBAADF000F539EA /* View */ = {
			isa = PBXGroup;
			children = (
				E4CB11861FBD1207003B627E /* Custom Cell */,
				E4B3D74A1FBA9D2000F539EA /* Main.storyboard */,
				E4B3D74F1FBA9D2000F539EA /* LaunchScreen.storyboard */,
			);
			path = View;
			sourceTree = "<group>";
		};
		E4B3D75A1FBAADF700F539EA /* Controller */ = {
			isa = PBXGroup;
			children = (
				E4B3D7461FBA9D2000F539EA /* AppDelegate.swift */,
				E4B3D75C1FBB849D00F539EA /* WelcomeViewController.swift */,
				E4B3D75E1FBB857900F539EA /* LogInViewController.swift */,
				E4B3D7601FBB85AF00F539EA /* SignUpViewController.swift */,
				E4CB11841FBC10A7003B627E /* GroupsViewController.swift */,
			);
			path = Controller;
			sourceTree = "<group>";
		};
		E4B3D75B1FBAAE2D00F539EA /* Supporting Files */ = {
			isa = PBXGroup;
			children = (
				E4B3D7521FBA9D2000F539EA /* Info.plist */,
			);
			path = "Supporting Files";
			sourceTree = "<group>";
		};
		E4CB11861FBD1207003B627E /* Custom Cell */ = {
			isa = PBXGroup;
			children = (
				E4CB118B1FBD12B9003B627E /* GroupCell.swift */,
				E4CB118C1FBD12B9003B627E /* GroupCell.xib */,
			);
			path = "Custom Cell";
			sourceTree = "<group>";
		};
/* End PBXGroup section */

/* Begin PBXNativeTarget section */
		E4B3D7421FBA9D2000F539EA /* ProxiChat */ = {
			isa = PBXNativeTarget;
			buildConfigurationList = E4B3D7551FBA9D2000F539EA /* Build configuration list for PBXNativeTarget "ProxiChat" */;
			buildPhases = (
				D9F376BC4414253779667BD5 /* [CP] Check Pods Manifest.lock */,
				E4B3D73F1FBA9D2000F539EA /* Sources */,
				E4B3D7401FBA9D2000F539EA /* Frameworks */,
				E4B3D7411FBA9D2000F539EA /* Resources */,
				A45508ECDA7B5A23C670F4CC /* [CP] Embed Pods Frameworks */,
				52742085A5793804DBD63E30 /* [CP] Copy Pods Resources */,
			);
			buildRules = (
			);
			dependencies = (
			);
			name = ProxiChat;
			productName = ProxiChat;
			productReference = E4B3D7431FBA9D2000F539EA /* ProxiChat.app */;
			productType = "com.apple.product-type.application";
		};
/* End PBXNativeTarget section */

/* Begin PBXProject section */
		E4B3D73B1FBA9D1F00F539EA /* Project object */ = {
			isa = PBXProject;
			attributes = {
				LastSwiftUpdateCheck = 0910;
				LastUpgradeCheck = 0910;
				ORGANIZATIONNAME = "Michael Hsu";
				TargetAttributes = {
					E4B3D7421FBA9D2000F539EA = {
						CreatedOnToolsVersion = 9.1;
						ProvisioningStyle = Automatic;
					};
				};
			};
			buildConfigurationList = E4B3D73E1FBA9D1F00F539EA /* Build configuration list for PBXProject "ProxiChat" */;
			compatibilityVersion = "Xcode 8.0";
			developmentRegion = en;
			hasScannedForEncodings = 0;
			knownRegions = (
				en,
				Base,
			);
			mainGroup = E4B3D73A1FBA9D1F00F539EA;
			productRefGroup = E4B3D7441FBA9D2000F539EA /* Products */;
			projectDirPath = "";
			projectRoot = "";
			targets = (
				E4B3D7421FBA9D2000F539EA /* ProxiChat */,
			);
		};
/* End PBXProject section */

/* Begin PBXResourcesBuildPhase section */
		E4B3D7411FBA9D2000F539EA /* Resources */ = {
			isa = PBXResourcesBuildPhase;
			buildActionMask = 2147483647;
			files = (
				E4B3D7511FBA9D2000F539EA /* LaunchScreen.storyboard in Resources */,
				E4B3D74E1FBA9D2000F539EA /* Assets.xcassets in Resources */,
				E4B3D74C1FBA9D2000F539EA /* Main.storyboard in Resources */,
				E4CB118E1FBD12B9003B627E /* GroupCell.xib in Resources */,
			);
			runOnlyForDeploymentPostprocessing = 0;
		};
/* End PBXResourcesBuildPhase section */

/* Begin PBXShellScriptBuildPhase section */
		52742085A5793804DBD63E30 /* [CP] Copy Pods Resources */ = {
			isa = PBXShellScriptBuildPhase;
			buildActionMask = 2147483647;
			files = (
			);
			inputPaths = (
			);
			name = "[CP] Copy Pods Resources";
			outputPaths = (
			);
			runOnlyForDeploymentPostprocessing = 0;
			shellPath = /bin/sh;
			shellScript = "\"${SRCROOT}/Pods/Target Support Files/Pods-ProxiChat/Pods-ProxiChat-resources.sh\"\n";
			showEnvVarsInLog = 0;
		};
		A45508ECDA7B5A23C670F4CC /* [CP] Embed Pods Frameworks */ = {
			isa = PBXShellScriptBuildPhase;
			buildActionMask = 2147483647;
			files = (
			);
			inputPaths = (
				"${SRCROOT}/Pods/Target Support Files/Pods-ProxiChat/Pods-ProxiChat-frameworks.sh",
				"${BUILT_PRODUCTS_DIR}/ChameleonFramework/ChameleonFramework.framework",
				"${BUILT_PRODUCTS_DIR}/SVProgressHUD/SVProgressHUD.framework",
				"${BUILT_PRODUCTS_DIR}/Socket.IO-Client-Swift/SocketIO.framework",
				"${BUILT_PRODUCTS_DIR}/Starscream/Starscream.framework",
				"${BUILT_PRODUCTS_DIR}/SwiftDate/SwiftDate.framework",
				"${BUILT_PRODUCTS_DIR}/SwiftyJSON/SwiftyJSON.framework",
			);
			name = "[CP] Embed Pods Frameworks";
			outputPaths = (
				"${TARGET_BUILD_DIR}/${FRAMEWORKS_FOLDER_PATH}/ChameleonFramework.framework",
				"${TARGET_BUILD_DIR}/${FRAMEWORKS_FOLDER_PATH}/SVProgressHUD.framework",
				"${TARGET_BUILD_DIR}/${FRAMEWORKS_FOLDER_PATH}/SocketIO.framework",
				"${TARGET_BUILD_DIR}/${FRAMEWORKS_FOLDER_PATH}/Starscream.framework",
				"${TARGET_BUILD_DIR}/${FRAMEWORKS_FOLDER_PATH}/SwiftDate.framework",
				"${TARGET_BUILD_DIR}/${FRAMEWORKS_FOLDER_PATH}/SwiftyJSON.framework",
			);
			runOnlyForDeploymentPostprocessing = 0;
			shellPath = /bin/sh;
			shellScript = "\"${SRCROOT}/Pods/Target Support Files/Pods-ProxiChat/Pods-ProxiChat-frameworks.sh\"\n";
			showEnvVarsInLog = 0;
		};
		D9F376BC4414253779667BD5 /* [CP] Check Pods Manifest.lock */ = {
			isa = PBXShellScriptBuildPhase;
			buildActionMask = 2147483647;
			files = (
			);
			inputPaths = (
				"${PODS_PODFILE_DIR_PATH}/Podfile.lock",
				"${PODS_ROOT}/Manifest.lock",
			);
			name = "[CP] Check Pods Manifest.lock";
			outputPaths = (
				"$(DERIVED_FILE_DIR)/Pods-ProxiChat-checkManifestLockResult.txt",
			);
			runOnlyForDeploymentPostprocessing = 0;
			shellPath = /bin/sh;
			shellScript = "diff \"${PODS_PODFILE_DIR_PATH}/Podfile.lock\" \"${PODS_ROOT}/Manifest.lock\" > /dev/null\nif [ $? != 0 ] ; then\n    # print error to STDERR\n    echo \"error: The sandbox is not in sync with the Podfile.lock. Run 'pod install' or update your CocoaPods installation.\" >&2\n    exit 1\nfi\n# This output is used by Xcode 'outputs' to avoid re-running this script phase.\necho \"SUCCESS\" > \"${SCRIPT_OUTPUT_FILE_0}\"\n";
			showEnvVarsInLog = 0;
		};
/* End PBXShellScriptBuildPhase section */

/* Begin PBXSourcesBuildPhase section */
		E4B3D73F1FBA9D2000F539EA /* Sources */ = {
			isa = PBXSourcesBuildPhase;
			buildActionMask = 2147483647;
			files = (
				E4B3D7471FBA9D2000F539EA /* AppDelegate.swift in Sources */,
				E4B3D75D1FBB849D00F539EA /* WelcomeViewController.swift in Sources */,
				E4B3D75F1FBB857900F539EA /* LogInViewController.swift in Sources */,
				E4CB118D1FBD12B9003B627E /* GroupCell.swift in Sources */,
				E4B3D7611FBB85AF00F539EA /* SignUpViewController.swift in Sources */,
				E4CB11851FBC10A7003B627E /* GroupsViewController.swift in Sources */,
			);
			runOnlyForDeploymentPostprocessing = 0;
		};
/* End PBXSourcesBuildPhase section */

/* Begin PBXVariantGroup section */
		E4B3D74A1FBA9D2000F539EA /* Main.storyboard */ = {
			isa = PBXVariantGroup;
			children = (
				E4B3D74B1FBA9D2000F539EA /* Base */,
			);
			name = Main.storyboard;
			sourceTree = "<group>";
		};
		E4B3D74F1FBA9D2000F539EA /* LaunchScreen.storyboard */ = {
			isa = PBXVariantGroup;
			children = (
				E4B3D7501FBA9D2000F539EA /* Base */,
			);
			name = LaunchScreen.storyboard;
			sourceTree = "<group>";
		};
/* End PBXVariantGroup section */

/* Begin XCBuildConfiguration section */
		E4B3D7531FBA9D2000F539EA /* Debug */ = {
			isa = XCBuildConfiguration;
			buildSettings = {
				ALWAYS_SEARCH_USER_PATHS = NO;
				CLANG_ANALYZER_NONNULL = YES;
				CLANG_ANALYZER_NUMBER_OBJECT_CONVERSION = YES_AGGRESSIVE;
				CLANG_CXX_LANGUAGE_STANDARD = "gnu++14";
				CLANG_CXX_LIBRARY = "libc++";
				CLANG_ENABLE_MODULES = YES;
				CLANG_ENABLE_OBJC_ARC = YES;
				CLANG_WARN_BLOCK_CAPTURE_AUTORELEASING = YES;
				CLANG_WARN_BOOL_CONVERSION = YES;
				CLANG_WARN_COMMA = YES;
				CLANG_WARN_CONSTANT_CONVERSION = YES;
				CLANG_WARN_DIRECT_OBJC_ISA_USAGE = YES_ERROR;
				CLANG_WARN_DOCUMENTATION_COMMENTS = YES;
				CLANG_WARN_EMPTY_BODY = YES;
				CLANG_WARN_ENUM_CONVERSION = YES;
				CLANG_WARN_INFINITE_RECURSION = YES;
				CLANG_WARN_INT_CONVERSION = YES;
				CLANG_WARN_NON_LITERAL_NULL_CONVERSION = YES;
				CLANG_WARN_OBJC_LITERAL_CONVERSION = YES;
				CLANG_WARN_OBJC_ROOT_CLASS = YES_ERROR;
				CLANG_WARN_RANGE_LOOP_ANALYSIS = YES;
				CLANG_WARN_STRICT_PROTOTYPES = YES;
				CLANG_WARN_SUSPICIOUS_MOVE = YES;
				CLANG_WARN_UNGUARDED_AVAILABILITY = YES_AGGRESSIVE;
				CLANG_WARN_UNREACHABLE_CODE = YES;
				CLANG_WARN__DUPLICATE_METHOD_MATCH = YES;
				CODE_SIGN_IDENTITY = "iPhone Developer";
				COPY_PHASE_STRIP = NO;
				DEBUG_INFORMATION_FORMAT = dwarf;
				ENABLE_STRICT_OBJC_MSGSEND = YES;
				ENABLE_TESTABILITY = YES;
				GCC_C_LANGUAGE_STANDARD = gnu11;
				GCC_DYNAMIC_NO_PIC = NO;
				GCC_NO_COMMON_BLOCKS = YES;
				GCC_OPTIMIZATION_LEVEL = 0;
				GCC_PREPROCESSOR_DEFINITIONS = (
					"DEBUG=1",
					"$(inherited)",
				);
				GCC_WARN_64_TO_32_BIT_CONVERSION = YES;
				GCC_WARN_ABOUT_RETURN_TYPE = YES_ERROR;
				GCC_WARN_UNDECLARED_SELECTOR = YES;
				GCC_WARN_UNINITIALIZED_AUTOS = YES_AGGRESSIVE;
				GCC_WARN_UNUSED_FUNCTION = YES;
				GCC_WARN_UNUSED_VARIABLE = YES;
				IPHONEOS_DEPLOYMENT_TARGET = 11.1;
				MTL_ENABLE_DEBUG_INFO = YES;
				ONLY_ACTIVE_ARCH = YES;
				SDKROOT = iphoneos;
				SWIFT_ACTIVE_COMPILATION_CONDITIONS = DEBUG;
				SWIFT_OPTIMIZATION_LEVEL = "-Onone";
			};
			name = Debug;
		};
		E4B3D7541FBA9D2000F539EA /* Release */ = {
			isa = XCBuildConfiguration;
			buildSettings = {
				ALWAYS_SEARCH_USER_PATHS = NO;
				CLANG_ANALYZER_NONNULL = YES;
				CLANG_ANALYZER_NUMBER_OBJECT_CONVERSION = YES_AGGRESSIVE;
				CLANG_CXX_LANGUAGE_STANDARD = "gnu++14";
				CLANG_CXX_LIBRARY = "libc++";
				CLANG_ENABLE_MODULES = YES;
				CLANG_ENABLE_OBJC_ARC = YES;
				CLANG_WARN_BLOCK_CAPTURE_AUTORELEASING = YES;
				CLANG_WARN_BOOL_CONVERSION = YES;
				CLANG_WARN_COMMA = YES;
				CLANG_WARN_CONSTANT_CONVERSION = YES;
				CLANG_WARN_DIRECT_OBJC_ISA_USAGE = YES_ERROR;
				CLANG_WARN_DOCUMENTATION_COMMENTS = YES;
				CLANG_WARN_EMPTY_BODY = YES;
				CLANG_WARN_ENUM_CONVERSION = YES;
				CLANG_WARN_INFINITE_RECURSION = YES;
				CLANG_WARN_INT_CONVERSION = YES;
				CLANG_WARN_NON_LITERAL_NULL_CONVERSION = YES;
				CLANG_WARN_OBJC_LITERAL_CONVERSION = YES;
				CLANG_WARN_OBJC_ROOT_CLASS = YES_ERROR;
				CLANG_WARN_RANGE_LOOP_ANALYSIS = YES;
				CLANG_WARN_STRICT_PROTOTYPES = YES;
				CLANG_WARN_SUSPICIOUS_MOVE = YES;
				CLANG_WARN_UNGUARDED_AVAILABILITY = YES_AGGRESSIVE;
				CLANG_WARN_UNREACHABLE_CODE = YES;
				CLANG_WARN__DUPLICATE_METHOD_MATCH = YES;
				CODE_SIGN_IDENTITY = "iPhone Developer";
				COPY_PHASE_STRIP = NO;
				DEBUG_INFORMATION_FORMAT = "dwarf-with-dsym";
				ENABLE_NS_ASSERTIONS = NO;
				ENABLE_STRICT_OBJC_MSGSEND = YES;
				GCC_C_LANGUAGE_STANDARD = gnu11;
				GCC_NO_COMMON_BLOCKS = YES;
				GCC_WARN_64_TO_32_BIT_CONVERSION = YES;
				GCC_WARN_ABOUT_RETURN_TYPE = YES_ERROR;
				GCC_WARN_UNDECLARED_SELECTOR = YES;
				GCC_WARN_UNINITIALIZED_AUTOS = YES_AGGRESSIVE;
				GCC_WARN_UNUSED_FUNCTION = YES;
				GCC_WARN_UNUSED_VARIABLE = YES;
				IPHONEOS_DEPLOYMENT_TARGET = 11.1;
				MTL_ENABLE_DEBUG_INFO = NO;
				SDKROOT = iphoneos;
				SWIFT_OPTIMIZATION_LEVEL = "-Owholemodule";
				VALIDATE_PRODUCT = YES;
			};
			name = Release;
		};
		E4B3D7561FBA9D2000F539EA /* Debug */ = {
			isa = XCBuildConfiguration;
			baseConfigurationReference = 5F8E292D05CB9C559164906A /* Pods-ProxiChat.debug.xcconfig */;
			buildSettings = {
				ASSETCATALOG_COMPILER_APPICON_NAME = AppIcon;
				CODE_SIGN_STYLE = Automatic;
				DEVELOPMENT_TEAM = XX93R7QZLE;
				INFOPLIST_FILE = "ProxiChat/Supporting Files/Info.plist";
				LD_RUNPATH_SEARCH_PATHS = "$(inherited) @executable_path/Frameworks";
				PRODUCT_BUNDLE_IDENTIFIER = com.michaelhsu.ProxiChat;
				PRODUCT_NAME = "$(TARGET_NAME)";
				SWIFT_VERSION = 4.0;
				TARGETED_DEVICE_FAMILY = "1,2";
			};
			name = Debug;
		};
		E4B3D7571FBA9D2000F539EA /* Release */ = {
			isa = XCBuildConfiguration;
			baseConfigurationReference = 2CC0C6E83D7922C71F0368E2 /* Pods-ProxiChat.release.xcconfig */;
			buildSettings = {
				ASSETCATALOG_COMPILER_APPICON_NAME = AppIcon;
				CODE_SIGN_STYLE = Automatic;
				DEVELOPMENT_TEAM = XX93R7QZLE;
				INFOPLIST_FILE = "ProxiChat/Supporting Files/Info.plist";
				LD_RUNPATH_SEARCH_PATHS = "$(inherited) @executable_path/Frameworks";
				PRODUCT_BUNDLE_IDENTIFIER = com.michaelhsu.ProxiChat;
				PRODUCT_NAME = "$(TARGET_NAME)";
				SWIFT_VERSION = 4.0;
				TARGETED_DEVICE_FAMILY = "1,2";
			};
			name = Release;
		};
/* End XCBuildConfiguration section */

/* Begin XCConfigurationList section */
		E4B3D73E1FBA9D1F00F539EA /* Build configuration list for PBXProject "ProxiChat" */ = {
			isa = XCConfigurationList;
			buildConfigurations = (
				E4B3D7531FBA9D2000F539EA /* Debug */,
				E4B3D7541FBA9D2000F539EA /* Release */,
			);
			defaultConfigurationIsVisible = 0;
			defaultConfigurationName = Release;
		};
		E4B3D7551FBA9D2000F539EA /* Build configuration list for PBXNativeTarget "ProxiChat" */ = {
			isa = XCConfigurationList;
			buildConfigurations = (
				E4B3D7561FBA9D2000F539EA /* Debug */,
				E4B3D7571FBA9D2000F539EA /* Release */,
			);
			defaultConfigurationIsVisible = 0;
			defaultConfigurationName = Release;
		};
/* End XCConfigurationList section */
	};
	rootObject = E4B3D73B1FBA9D1F00F539EA /* Project object */;
}
